
Microsoft Visual Studio Solution File, Format Version 12.00
# Visual Studio 15
VisualStudioVersion = 15.0.27428.2037
MinimumVisualStudioVersion = 10.0.40219.1
Project("{FAE04EC0-301F-11D3-BF4B-00C04F79EFBC}") = "Vidly", "Vidly\Vidly.csproj", "{4ABC1B33-72BF-47B1-9EFC-0C54F5F78B43}"
EndProject
Global
	GlobalSection(SolutionConfigurationPlatforms) = preSolution
		Debug|Any CPU = Debug|Any CPU
		Release|Any CPU = Release|Any CPU
	EndGlobalSection
	GlobalSection(ProjectConfigurationPlatforms) = postSolution
		{4ABC1B33-72BF-47B1-9EFC-0C54F5F78B43}.Debug|Any CPU.ActiveCfg = Debug|Any CPU
		{4ABC1B33-72BF-47B1-9EFC-0C54F5F78B43}.Debug|Any CPU.Build.0 = Debug|Any CPU
		{4ABC1B33-72BF-47B1-9EFC-0C54F5F78B43}.Release|Any CPU.ActiveCfg = Release|Any CPU
		{4ABC1B33-72BF-47B1-9EFC-0C54F5F78B43}.Release|Any CPU.Build.0 = Release|Any CPU
	EndGlobalSection
	GlobalSection(SolutionProperties) = preSolution
		HideSolutionNode = FALSE
	EndGlobalSection
	GlobalSection(ExtensibilityGlobals) = postSolution
		SolutionGuid = {B4E82772-1DC6-459A-AB52-4C69DB5857C8}
	EndGlobalSection
EndGlobal
